
Microsoft Visual Studio Solution File, Format Version 12.00
# Visual Studio Version 17
VisualStudioVersion = 17.3.32929.385
MinimumVisualStudioVersion = 10.0.40219.1
Project("{FAE04EC0-301F-11D3-BF4B-00C04F79EFBC}") = "LunesTechnicalInterview", "LunesTechnicalInterview\LunesTechnicalInterview.csproj", "{6F001157-67B9-4162-A932-893BB6CB02EF}"
EndProject
Global
	GlobalSection(SolutionConfigurationPlatforms) = preSolution
		Debug|Any CPU = Debug|Any CPU
		Release|Any CPU = Release|Any CPU
	EndGlobalSection
	GlobalSection(ProjectConfigurationPlatforms) = postSolution
		{6F001157-67B9-4162-A932-893BB6CB02EF}.Debug|Any CPU.ActiveCfg = Debug|Any CPU
		{6F001157-67B9-4162-A932-893BB6CB02EF}.Debug|Any CPU.Build.0 = Debug|Any CPU
		{6F001157-67B9-4162-A932-893BB6CB02EF}.Release|Any CPU.ActiveCfg = Release|Any CPU
		{6F001157-67B9-4162-A932-893BB6CB02EF}.Release|Any CPU.Build.0 = Release|Any CPU
	EndGlobalSection
	GlobalSection(SolutionProperties) = preSolution
		HideSolutionNode = FALSE
	EndGlobalSection
	GlobalSection(ExtensibilityGlobals) = postSolution
		SolutionGuid = {F5C9B5E2-4A7D-48BA-8B98-6DB0B144AA08}
	EndGlobalSection
EndGlobal
